<?xml version="1.0" encoding="utf-8"?>
<Project ToolsVersion="4.0" xmlns="http://schemas.microsoft.com/developer/msbuild/2003">
  <ItemGroup>
    <ClCompile Include="src\ofApp.cpp">
      <Filter>src</Filter>
    </ClCompile>
    <ClCompile Include="src\main.cpp">
      <Filter>src</Filter>
    </ClCompile>
    <ClCompile Include="src\main.cpp">
      <Filter>src</Filter>
    </ClCompile>
    <ClCompile Include="src\mainScene.cpp">
      <Filter>src</Filter>
    </ClCompile>
    <ClCompile Include="src\ofApp.cpp">
      <Filter>src</Filter>
    </ClCompile>
    <ClCompile Include="src\scene.cpp">
      <Filter>src</Filter>
    </ClCompile>
    <ClCompile Include="..\..\..\addons\ofxGifDecoder\src\ofxGifDecoder.cpp">
      <Filter>addons\ofxGifDecoder\src</Filter>
    </ClCompile>
    <ClCompile Include="..\..\..\addons\ofxGifDecoder\src\ofxGifFile.cpp">
      <Filter>addons\ofxGifDecoder\src</Filter>
    </ClCompile>
    <ClCompile Include="..\..\..\addons\ofxGifDecoder\src\ofxGifFrame.cpp">
      <Filter>addons\ofxGifDecoder\src</Filter>
    </ClCompile>
    <ClCompile Include="..\..\..\addons\ofxGui\src\ofxBaseGui.cpp">
      <Filter>addons\ofxGui\src</Filter>
    </ClCompile>
    <ClCompile Include="..\..\..\addons\ofxGui\src\ofxButton.cpp">
      <Filter>addons\ofxGui\src</Filter>
    </ClCompile>
    <ClCompile Include="..\..\..\addons\ofxGui\src\ofxGuiGroup.cpp">
      <Filter>addons\ofxGui\src</Filter>
    </ClCompile>
    <ClCompile Include="..\..\..\addons\ofxGui\src\ofxLabel.cpp">
      <Filter>addons\ofxGui\src</Filter>
    </ClCompile>
    <ClCompile Include="..\..\..\addons\ofxGui\src\ofxPanel.cpp">
      <Filter>addons\ofxGui\src</Filter>
    </ClCompile>
    <ClCompile Include="..\..\..\addons\ofxGui\src\ofxSlider.cpp">
      <Filter>addons\ofxGui\src</Filter>
    </ClCompile>
    <ClCompile Include="..\..\..\addons\ofxGui\src\ofxSliderGroup.cpp">
      <Filter>addons\ofxGui\src</Filter>
    </ClCompile>
    <ClCompile Include="..\..\..\addons\ofxGui\src\ofxToggle.cpp">
      <Filter>addons\ofxGui\src</Filter>
    </ClCompile>
    <ClCompile Include="..\..\..\addons\ofxOpenCv\src\ofxCvColorImage.cpp">
      <Filter>addons\ofxOpenCv\src</Filter>
    </ClCompile>
    <ClCompile Include="..\..\..\addons\ofxOpenCv\src\ofxCvContourFinder.cpp">
      <Filter>addons\ofxOpenCv\src</Filter>
    </ClCompile>
    <ClCompile Include="..\..\..\addons\ofxOpenCv\src\ofxCvFloatImage.cpp">
      <Filter>addons\ofxOpenCv\src</Filter>
    </ClCompile>
    <ClCompile Include="..\..\..\addons\ofxOpenCv\src\ofxCvGrayscaleImage.cpp">
      <Filter>addons\ofxOpenCv\src</Filter>
    </ClCompile>
    <ClCompile Include="..\..\..\addons\ofxOpenCv\src\ofxCvHaarFinder.cpp">
      <Filter>addons\ofxOpenCv\src</Filter>
    </ClCompile>
    <ClCompile Include="..\..\..\addons\ofxOpenCv\src\ofxCvImage.cpp">
      <Filter>addons\ofxOpenCv\src</Filter>
    </ClCompile>
    <ClCompile Include="..\..\..\addons\ofxOpenCv\src\ofxCvShortImage.cpp">
      <Filter>addons\ofxOpenCv\src</Filter>
    </ClCompile>
    <ClCompile Include="..\..\..\addons\ofxThreadedImageLoader\src\ofxThreadedImageLoader.cpp">
      <Filter>addons\ofxThreadedImageLoader\src</Filter>
    </ClCompile>
    <ClCompile Include="..\..\..\addons\ofxTrueTypeFontUC\src\ofxTrueTypeFontUC.cpp">
      <Filter>addons\ofxTrueTypeFontUC\src</Filter>
    </ClCompile>
    <ClCompile Include="..\..\..\addons\ofxTweener\src\ofxTransitions.cpp">
      <Filter>addons\ofxTweener\src</Filter>
    </ClCompile>
    <ClCompile Include="..\..\..\addons\ofxTweener\src\ofxTweener.cpp">
      <Filter>addons\ofxTweener\src</Filter>
    </ClCompile>
    <ClCompile Include="..\..\..\addons\ofxXmlSettings\src\ofxXmlSettings.cpp">
      <Filter>addons\ofxXmlSettings\src</Filter>
    </ClCompile>
    <ClCompile Include="..\..\..\addons\ofxXmlSettings\libs\tinyxml.cpp">
      <Filter>addons\ofxXmlSettings\libs</Filter>
    </ClCompile>
    <ClCompile Include="..\..\..\addons\ofxXmlSettings\libs\tinyxmlerror.cpp">
      <Filter>addons\ofxXmlSettings\libs</Filter>
    </ClCompile>
    <ClCompile Include="..\..\..\addons\ofxXmlSettings\libs\tinyxmlparser.cpp">
      <Filter>addons\ofxXmlSettings\libs</Filter>
    </ClCompile>
    <ClCompile Include="src\eye.cpp">
      <Filter>src</Filter>
    </ClCompile>
    <ClCompile Include="src\CameraWrapper.cpp">
      <Filter>src</Filter>
    </ClCompile>
  </ItemGroup>
  <ItemGroup>
    <Filter Include="src">
      <UniqueIdentifier>{d8376475-7454-4a24-b08a-aac121d3ad6f}</UniqueIdentifier>
    </Filter>
    <Filter Include="addons">
      <UniqueIdentifier>{71834F65-F3A9-211E-73B8-DC85}</UniqueIdentifier>
    </Filter>
    <Filter Include="addons\ofxGifDecoder">
      <UniqueIdentifier>{CE484115-A868-B792-E7D0-2BF4}</UniqueIdentifier>
    </Filter>
    <Filter Include="addons\ofxGifDecoder\src">
      <UniqueIdentifier>{9E45E73B-2E6C-84AE-1979-03CD}</UniqueIdentifier>
    </Filter>
    <Filter Include="addons\ofxGui">
      <UniqueIdentifier>{4F2A59AF-5F4E-704B-D067-EC13}</UniqueIdentifier>
    </Filter>
    <Filter Include="addons\ofxGui\src">
      <UniqueIdentifier>{645E9533-4DCD-6179-1CDF-CB65}</UniqueIdentifier>
    </Filter>
    <Filter Include="addons\ofxOpenCv">
      <UniqueIdentifier>{FFA81411-43B9-BD99-75AF-1DC3}</UniqueIdentifier>
    </Filter>
    <Filter Include="addons\ofxOpenCv\src">
      <UniqueIdentifier>{00DE84A0-C30B-9800-5466-EA40}</UniqueIdentifier>
    </Filter>
    <Filter Include="addons\ofxOpenCv\libs">
      <UniqueIdentifier>{EFE72F22-7F5A-0F39-EC5E-1382}</UniqueIdentifier>
    </Filter>
    <Filter Include="addons\ofxOpenCv\libs\opencv">
      <UniqueIdentifier>{0391AB06-09E3-B0B3-3E3B-A02B}</UniqueIdentifier>
    </Filter>
    <Filter Include="addons\ofxOpenCv\libs\opencv\include">
      <UniqueIdentifier>{18BB18A3-47A8-9F08-1A3F-16FC}</UniqueIdentifier>
    </Filter>
    <Filter Include="addons\ofxOpenCv\libs\opencv\include\opencv">
      <UniqueIdentifier>{C867B0DE-B007-11B8-C182-5344}</UniqueIdentifier>
    </Filter>
    <Filter Include="addons\ofxOpenCv\libs\opencv\include\opencv2">
      <UniqueIdentifier>{BCD8ABD4-43E3-302D-A2D3-9FE1}</UniqueIdentifier>
    </Filter>
    <Filter Include="addons\ofxOpenCv\libs\opencv\include\opencv2\calib3d">
      <UniqueIdentifier>{E7CFFFA1-9DFA-D919-100C-FDAA}</UniqueIdentifier>
    </Filter>
    <Filter Include="addons\ofxOpenCv\libs\opencv\include\opencv2\contrib">
      <UniqueIdentifier>{776C25CB-CD33-75A7-DF99-B8C6}</UniqueIdentifier>
    </Filter>
    <Filter Include="addons\ofxOpenCv\libs\opencv\include\opencv2\core">
      <UniqueIdentifier>{2ABB36D0-FBE0-DD47-75A8-5882}</UniqueIdentifier>
    </Filter>
    <Filter Include="addons\ofxOpenCv\libs\opencv\include\opencv2\features2d">
      <UniqueIdentifier>{FFED61A2-DA84-E61F-DAA8-23D8}</UniqueIdentifier>
    </Filter>
    <Filter Include="addons\ofxOpenCv\libs\opencv\include\opencv2\flann">
      <UniqueIdentifier>{35E18472-D925-59BD-12EF-E1E6}</UniqueIdentifier>
    </Filter>
    <Filter Include="addons\ofxOpenCv\libs\opencv\include\opencv2\gpu">
      <UniqueIdentifier>{82D85C2C-89A0-69CF-61C4-9983}</UniqueIdentifier>
    </Filter>
    <Filter Include="addons\ofxOpenCv\libs\opencv\include\opencv2\gpu\device">
      <UniqueIdentifier>{87ED3A19-22E3-EF06-2780-6215}</UniqueIdentifier>
    </Filter>
    <Filter Include="addons\ofxOpenCv\libs\opencv\include\opencv2\gpu\device\detail">
      <UniqueIdentifier>{F2467EC2-B4B5-D403-2F39-AA9A}</UniqueIdentifier>
    </Filter>
    <Filter Include="addons\ofxOpenCv\libs\opencv\include\opencv2\highgui">
      <UniqueIdentifier>{C5146E31-2B8E-4299-4FB2-2347}</UniqueIdentifier>
    </Filter>
    <Filter Include="addons\ofxOpenCv\libs\opencv\include\opencv2\imgproc">
      <UniqueIdentifier>{E61CD652-51B9-BCE9-A2EB-3331}</UniqueIdentifier>
    </Filter>
    <Filter Include="addons\ofxOpenCv\libs\opencv\include\opencv2\legacy">
      <UniqueIdentifier>{4588FFD4-3240-6021-CF1C-66D1}</UniqueIdentifier>
    </Filter>
    <Filter Include="addons\ofxOpenCv\libs\opencv\include\opencv2\ml">
      <UniqueIdentifier>{C217A119-B337-C774-4EDA-1ACC}</UniqueIdentifier>
    </Filter>
    <Filter Include="addons\ofxOpenCv\libs\opencv\include\opencv2\nonfree">
      <UniqueIdentifier>{8C35B9C2-29E6-F32E-3851-F20E}</UniqueIdentifier>
    </Filter>
    <Filter Include="addons\ofxOpenCv\libs\opencv\include\opencv2\objdetect">
      <UniqueIdentifier>{D1260DF5-DCB4-6729-CD66-ED90}</UniqueIdentifier>
    </Filter>
    <Filter Include="addons\ofxOpenCv\libs\opencv\include\opencv2\photo">
      <UniqueIdentifier>{450E6EA2-482C-4DAE-EF14-EE48}</UniqueIdentifier>
    </Filter>
    <Filter Include="addons\ofxOpenCv\libs\opencv\include\opencv2\stitching">
      <UniqueIdentifier>{EA043335-259C-BCEC-5E49-545A}</UniqueIdentifier>
    </Filter>
    <Filter Include="addons\ofxOpenCv\libs\opencv\include\opencv2\stitching\detail">
      <UniqueIdentifier>{21D034AC-F39C-E724-350A-C7B6}</UniqueIdentifier>
    </Filter>
    <Filter Include="addons\ofxOpenCv\libs\opencv\include\opencv2\superres">
      <UniqueIdentifier>{D2BBE5C7-0D36-257F-DD81-67F0}</UniqueIdentifier>
    </Filter>
    <Filter Include="addons\ofxOpenCv\libs\opencv\include\opencv2\ts">
      <UniqueIdentifier>{AA1539ED-A548-EDA6-1094-37FD}</UniqueIdentifier>
    </Filter>
    <Filter Include="addons\ofxOpenCv\libs\opencv\include\opencv2\video">
      <UniqueIdentifier>{61E04F54-C77F-B674-C2AB-FEC2}</UniqueIdentifier>
    </Filter>
    <Filter Include="addons\ofxOpenCv\libs\opencv\include\opencv2\videostab">
      <UniqueIdentifier>{D4F01CB4-61E3-5965-F3B1-CFB9}</UniqueIdentifier>
    </Filter>
    <Filter Include="addons\ofxThreadedImageLoader">
      <UniqueIdentifier>{4FCFBE74-4716-4092-C67F-91AE}</UniqueIdentifier>
    </Filter>
    <Filter Include="addons\ofxThreadedImageLoader\src">
      <UniqueIdentifier>{96E590A4-6AB6-FE3D-02EC-8D08}</UniqueIdentifier>
    </Filter>
    <Filter Include="addons\ofxTrueTypeFontUC">
      <UniqueIdentifier>{5652952C-1675-EFF8-8E62-5D8C}</UniqueIdentifier>
    </Filter>
    <Filter Include="addons\ofxTrueTypeFontUC\src">
      <UniqueIdentifier>{7E369600-03BF-EEFC-FA92-F38A}</UniqueIdentifier>
    </Filter>
    <Filter Include="addons\ofxTrueTypeFontUC\src\freetype2">
      <UniqueIdentifier>{28A170A3-6F0E-C6D1-CB90-3079}</UniqueIdentifier>
    </Filter>
    <Filter Include="addons\ofxTrueTypeFontUC\src\freetype2\freetype">
      <UniqueIdentifier>{F8542EBA-79E3-C79B-7556-B311}</UniqueIdentifier>
    </Filter>
    <Filter Include="addons\ofxTrueTypeFontUC\src\freetype2\freetype\config">
      <UniqueIdentifier>{F4FFC57C-BC46-6617-1A98-89DB}</UniqueIdentifier>
    </Filter>
    <Filter Include="addons\ofxTrueTypeFontUC\src\freetype2\freetype\internal">
      <UniqueIdentifier>{A7E0FD96-F6C4-9DD8-E870-360E}</UniqueIdentifier>
    </Filter>
    <Filter Include="addons\ofxTrueTypeFontUC\src\freetype2\freetype\internal\services">
      <UniqueIdentifier>{49A994E7-B9D2-2565-42A7-D0B0}</UniqueIdentifier>
    </Filter>
    <Filter Include="addons\ofxTweener">
      <UniqueIdentifier>{48592065-DCE8-BE75-3620-7289}</UniqueIdentifier>
    </Filter>
    <Filter Include="addons\ofxTweener\src">
      <UniqueIdentifier>{80FB0C27-B66F-CAA0-6D8F-05B3}</UniqueIdentifier>
    </Filter>
    <Filter Include="addons\ofxXmlSettings">
      <UniqueIdentifier>{877F005D-13E6-0592-1D97-F2E3}</UniqueIdentifier>
    </Filter>
    <Filter Include="addons\ofxXmlSettings\src">
      <UniqueIdentifier>{CCB2AC63-49D2-977C-CFE8-AEAD}</UniqueIdentifier>
    </Filter>
    <Filter Include="addons\ofxXmlSettings\libs">
      <UniqueIdentifier>{687714A8-1662-FA1C-261F-50F0}</UniqueIdentifier>
    </Filter>
  </ItemGroup>
  <ItemGroup>
    <ClInclude Include="src\ofApp.h">
      <Filter>src</Filter>
    </ClInclude>
    <ClInclude Include="src\mainScene.h">
      <Filter>src</Filter>
    </ClInclude>
    <ClInclude Include="src\ofApp.h">
      <Filter>src</Filter>
    </ClInclude>
    <ClInclude Include="src\scene.h">
      <Filter>src</Filter>
    </ClInclude>
    <ClInclude Include="..\..\..\addons\ofxGifDecoder\src\ofxGifDecoder.h">
      <Filter>addons\ofxGifDecoder\src</Filter>
    </ClInclude>
    <ClInclude Include="..\..\..\addons\ofxGifDecoder\src\ofxGifFile.h">
      <Filter>addons\ofxGifDecoder\src</Filter>
    </ClInclude>
    <ClInclude Include="..\..\..\addons\ofxGifDecoder\src\ofxGifFrame.h">
      <Filter>addons\ofxGifDecoder\src</Filter>
    </ClInclude>
    <ClInclude Include="..\..\..\addons\ofxGui\src\ofxBaseGui.h">
      <Filter>addons\ofxGui\src</Filter>
    </ClInclude>
    <ClInclude Include="..\..\..\addons\ofxGui\src\ofxButton.h">
      <Filter>addons\ofxGui\src</Filter>
    </ClInclude>
    <ClInclude Include="..\..\..\addons\ofxGui\src\ofxGui.h">
      <Filter>addons\ofxGui\src</Filter>
    </ClInclude>
    <ClInclude Include="..\..\..\addons\ofxGui\src\ofxGuiGroup.h">
      <Filter>addons\ofxGui\src</Filter>
    </ClInclude>
    <ClInclude Include="..\..\..\addons\ofxGui\src\ofxLabel.h">
      <Filter>addons\ofxGui\src</Filter>
    </ClInclude>
    <ClInclude Include="..\..\..\addons\ofxGui\src\ofxPanel.h">
      <Filter>addons\ofxGui\src</Filter>
    </ClInclude>
    <ClInclude Include="..\..\..\addons\ofxGui\src\ofxSlider.h">
      <Filter>addons\ofxGui\src</Filter>
    </ClInclude>
    <ClInclude Include="..\..\..\addons\ofxGui\src\ofxSliderGroup.h">
      <Filter>addons\ofxGui\src</Filter>
    </ClInclude>
    <ClInclude Include="..\..\..\addons\ofxGui\src\ofxToggle.h">
      <Filter>addons\ofxGui\src</Filter>
    </ClInclude>
    <ClInclude Include="..\..\..\addons\ofxOpenCv\src\ofxCvBlob.h">
      <Filter>addons\ofxOpenCv\src</Filter>
    </ClInclude>
    <ClInclude Include="..\..\..\addons\ofxOpenCv\src\ofxCvColorImage.h">
      <Filter>addons\ofxOpenCv\src</Filter>
    </ClInclude>
    <ClInclude Include="..\..\..\addons\ofxOpenCv\src\ofxCvConstants.h">
      <Filter>addons\ofxOpenCv\src</Filter>
    </ClInclude>
    <ClInclude Include="..\..\..\addons\ofxOpenCv\src\ofxCvContourFinder.h">
      <Filter>addons\ofxOpenCv\src</Filter>
    </ClInclude>
    <ClInclude Include="..\..\..\addons\ofxOpenCv\src\ofxCvFloatImage.h">
      <Filter>addons\ofxOpenCv\src</Filter>
    </ClInclude>
    <ClInclude Include="..\..\..\addons\ofxOpenCv\src\ofxCvGrayscaleImage.h">
      <Filter>addons\ofxOpenCv\src</Filter>
    </ClInclude>
    <ClInclude Include="..\..\..\addons\ofxOpenCv\src\ofxCvHaarFinder.h">
      <Filter>addons\ofxOpenCv\src</Filter>
    </ClInclude>
    <ClInclude Include="..\..\..\addons\ofxOpenCv\src\ofxCvImage.h">
      <Filter>addons\ofxOpenCv\src</Filter>
    </ClInclude>
    <ClInclude Include="..\..\..\addons\ofxOpenCv\src\ofxCvShortImage.h">
      <Filter>addons\ofxOpenCv\src</Filter>
    </ClInclude>
    <ClInclude Include="..\..\..\addons\ofxOpenCv\src\ofxOpenCv.h">
      <Filter>addons\ofxOpenCv\src</Filter>
    </ClInclude>
    <ClInclude Include="..\..\..\addons\ofxOpenCv\libs\opencv\include\opencv\cv.h">
      <Filter>addons\ofxOpenCv\libs\opencv\include\opencv</Filter>
    </ClInclude>
    <ClInclude Include="..\..\..\addons\ofxOpenCv\libs\opencv\include\opencv\cv.hpp">
      <Filter>addons\ofxOpenCv\libs\opencv\include\opencv</Filter>
    </ClInclude>
    <ClInclude Include="..\..\..\addons\ofxOpenCv\libs\opencv\include\opencv\cvaux.h">
      <Filter>addons\ofxOpenCv\libs\opencv\include\opencv</Filter>
    </ClInclude>
    <ClInclude Include="..\..\..\addons\ofxOpenCv\libs\opencv\include\opencv\cvaux.hpp">
      <Filter>addons\ofxOpenCv\libs\opencv\include\opencv</Filter>
    </ClInclude>
    <ClInclude Include="..\..\..\addons\ofxOpenCv\libs\opencv\include\opencv\cvwimage.h">
      <Filter>addons\ofxOpenCv\libs\opencv\include\opencv</Filter>
    </ClInclude>
    <ClInclude Include="..\..\..\addons\ofxOpenCv\libs\opencv\include\opencv\cxcore.h">
      <Filter>addons\ofxOpenCv\libs\opencv\include\opencv</Filter>
    </ClInclude>
    <ClInclude Include="..\..\..\addons\ofxOpenCv\libs\opencv\include\opencv\cxcore.hpp">
      <Filter>addons\ofxOpenCv\libs\opencv\include\opencv</Filter>
    </ClInclude>
    <ClInclude Include="..\..\..\addons\ofxOpenCv\libs\opencv\include\opencv\cxeigen.hpp">
      <Filter>addons\ofxOpenCv\libs\opencv\include\opencv</Filter>
    </ClInclude>
    <ClInclude Include="..\..\..\addons\ofxOpenCv\libs\opencv\include\opencv\cxmisc.h">
      <Filter>addons\ofxOpenCv\libs\opencv\include\opencv</Filter>
    </ClInclude>
    <ClInclude Include="..\..\..\addons\ofxOpenCv\libs\opencv\include\opencv\highgui.h">
      <Filter>addons\ofxOpenCv\libs\opencv\include\opencv</Filter>
    </ClInclude>
    <ClInclude Include="..\..\..\addons\ofxOpenCv\libs\opencv\include\opencv\ml.h">
      <Filter>addons\ofxOpenCv\libs\opencv\include\opencv</Filter>
    </ClInclude>
    <ClInclude Include="..\..\..\addons\ofxOpenCv\libs\opencv\include\opencv2\calib3d\calib3d.hpp">
      <Filter>addons\ofxOpenCv\libs\opencv\include\opencv2\calib3d</Filter>
    </ClInclude>
    <ClInclude Include="..\..\..\addons\ofxOpenCv\libs\opencv\include\opencv2\contrib\contrib.hpp">
      <Filter>addons\ofxOpenCv\libs\opencv\include\opencv2\contrib</Filter>
    </ClInclude>
    <ClInclude Include="..\..\..\addons\ofxOpenCv\libs\opencv\include\opencv2\contrib\detection_based_tracker.hpp">
      <Filter>addons\ofxOpenCv\libs\opencv\include\opencv2\contrib</Filter>
    </ClInclude>
    <ClInclude Include="..\..\..\addons\ofxOpenCv\libs\opencv\include\opencv2\contrib\hybridtracker.hpp">
      <Filter>addons\ofxOpenCv\libs\opencv\include\opencv2\contrib</Filter>
    </ClInclude>
    <ClInclude Include="..\..\..\addons\ofxOpenCv\libs\opencv\include\opencv2\contrib\openfabmap.hpp">
      <Filter>addons\ofxOpenCv\libs\opencv\include\opencv2\contrib</Filter>
    </ClInclude>
    <ClInclude Include="..\..\..\addons\ofxOpenCv\libs\opencv\include\opencv2\contrib\retina.hpp">
      <Filter>addons\ofxOpenCv\libs\opencv\include\opencv2\contrib</Filter>
    </ClInclude>
    <ClInclude Include="..\..\..\addons\ofxOpenCv\libs\opencv\include\opencv2\core\affine.hpp">
      <Filter>addons\ofxOpenCv\libs\opencv\include\opencv2\core</Filter>
    </ClInclude>
    <ClInclude Include="..\..\..\addons\ofxOpenCv\libs\opencv\include\opencv2\core\core.hpp">
      <Filter>addons\ofxOpenCv\libs\opencv\include\opencv2\core</Filter>
    </ClInclude>
    <ClInclude Include="..\..\..\addons\ofxOpenCv\libs\opencv\include\opencv2\core\core_c.h">
      <Filter>addons\ofxOpenCv\libs\opencv\include\opencv2\core</Filter>
    </ClInclude>
    <ClInclude Include="..\..\..\addons\ofxOpenCv\libs\opencv\include\opencv2\core\cuda_devptrs.hpp">
      <Filter>addons\ofxOpenCv\libs\opencv\include\opencv2\core</Filter>
    </ClInclude>
    <ClInclude Include="..\..\..\addons\ofxOpenCv\libs\opencv\include\opencv2\core\devmem2d.hpp">
      <Filter>addons\ofxOpenCv\libs\opencv\include\opencv2\core</Filter>
    </ClInclude>
    <ClInclude Include="..\..\..\addons\ofxOpenCv\libs\opencv\include\opencv2\core\eigen.hpp">
      <Filter>addons\ofxOpenCv\libs\opencv\include\opencv2\core</Filter>
    </ClInclude>
    <ClInclude Include="..\..\..\addons\ofxOpenCv\libs\opencv\include\opencv2\core\gpumat.hpp">
      <Filter>addons\ofxOpenCv\libs\opencv\include\opencv2\core</Filter>
    </ClInclude>
    <ClInclude Include="..\..\..\addons\ofxOpenCv\libs\opencv\include\opencv2\core\internal.hpp">
      <Filter>addons\ofxOpenCv\libs\opencv\include\opencv2\core</Filter>
    </ClInclude>
    <ClInclude Include="..\..\..\addons\ofxOpenCv\libs\opencv\include\opencv2\core\mat.hpp">
      <Filter>addons\ofxOpenCv\libs\opencv\include\opencv2\core</Filter>
    </ClInclude>
    <ClInclude Include="..\..\..\addons\ofxOpenCv\libs\opencv\include\opencv2\core\opengl_interop.hpp">
      <Filter>addons\ofxOpenCv\libs\opencv\include\opencv2\core</Filter>
    </ClInclude>
    <ClInclude Include="..\..\..\addons\ofxOpenCv\libs\opencv\include\opencv2\core\opengl_interop_deprecated.hpp">
      <Filter>addons\ofxOpenCv\libs\opencv\include\opencv2\core</Filter>
    </ClInclude>
    <ClInclude Include="..\..\..\addons\ofxOpenCv\libs\opencv\include\opencv2\core\operations.hpp">
      <Filter>addons\ofxOpenCv\libs\opencv\include\opencv2\core</Filter>
    </ClInclude>
    <ClInclude Include="..\..\..\addons\ofxOpenCv\libs\opencv\include\opencv2\core\types_c.h">
      <Filter>addons\ofxOpenCv\libs\opencv\include\opencv2\core</Filter>
    </ClInclude>
    <ClInclude Include="..\..\..\addons\ofxOpenCv\libs\opencv\include\opencv2\core\version.hpp">
      <Filter>addons\ofxOpenCv\libs\opencv\include\opencv2\core</Filter>
    </ClInclude>
    <ClInclude Include="..\..\..\addons\ofxOpenCv\libs\opencv\include\opencv2\core\wimage.hpp">
      <Filter>addons\ofxOpenCv\libs\opencv\include\opencv2\core</Filter>
    </ClInclude>
    <ClInclude Include="..\..\..\addons\ofxOpenCv\libs\opencv\include\opencv2\features2d\features2d.hpp">
      <Filter>addons\ofxOpenCv\libs\opencv\include\opencv2\features2d</Filter>
    </ClInclude>
    <ClInclude Include="..\..\..\addons\ofxOpenCv\libs\opencv\include\opencv2\flann\allocator.h">
      <Filter>addons\ofxOpenCv\libs\opencv\include\opencv2\flann</Filter>
    </ClInclude>
    <ClInclude Include="..\..\..\addons\ofxOpenCv\libs\opencv\include\opencv2\flann\all_indices.h">
      <Filter>addons\ofxOpenCv\libs\opencv\include\opencv2\flann</Filter>
    </ClInclude>
    <ClInclude Include="..\..\..\addons\ofxOpenCv\libs\opencv\include\opencv2\flann\any.h">
      <Filter>addons\ofxOpenCv\libs\opencv\include\opencv2\flann</Filter>
    </ClInclude>
    <ClInclude Include="..\..\..\addons\ofxOpenCv\libs\opencv\include\opencv2\flann\autotuned_index.h">
      <Filter>addons\ofxOpenCv\libs\opencv\include\opencv2\flann</Filter>
    </ClInclude>
    <ClInclude Include="..\..\..\addons\ofxOpenCv\libs\opencv\include\opencv2\flann\composite_index.h">
      <Filter>addons\ofxOpenCv\libs\opencv\include\opencv2\flann</Filter>
    </ClInclude>
    <ClInclude Include="..\..\..\addons\ofxOpenCv\libs\opencv\include\opencv2\flann\config.h">
      <Filter>addons\ofxOpenCv\libs\opencv\include\opencv2\flann</Filter>
    </ClInclude>
    <ClInclude Include="..\..\..\addons\ofxOpenCv\libs\opencv\include\opencv2\flann\defines.h">
      <Filter>addons\ofxOpenCv\libs\opencv\include\opencv2\flann</Filter>
    </ClInclude>
    <ClInclude Include="..\..\..\addons\ofxOpenCv\libs\opencv\include\opencv2\flann\dist.h">
      <Filter>addons\ofxOpenCv\libs\opencv\include\opencv2\flann</Filter>
    </ClInclude>
    <ClInclude Include="..\..\..\addons\ofxOpenCv\libs\opencv\include\opencv2\flann\dummy.h">
      <Filter>addons\ofxOpenCv\libs\opencv\include\opencv2\flann</Filter>
    </ClInclude>
    <ClInclude Include="..\..\..\addons\ofxOpenCv\libs\opencv\include\opencv2\flann\dynamic_bitset.h">
      <Filter>addons\ofxOpenCv\libs\opencv\include\opencv2\flann</Filter>
    </ClInclude>
    <ClInclude Include="..\..\..\addons\ofxOpenCv\libs\opencv\include\opencv2\flann\flann.hpp">
      <Filter>addons\ofxOpenCv\libs\opencv\include\opencv2\flann</Filter>
    </ClInclude>
    <ClInclude Include="..\..\..\addons\ofxOpenCv\libs\opencv\include\opencv2\flann\flann_base.hpp">
      <Filter>addons\ofxOpenCv\libs\opencv\include\opencv2\flann</Filter>
    </ClInclude>
    <ClInclude Include="..\..\..\addons\ofxOpenCv\libs\opencv\include\opencv2\flann\general.h">
      <Filter>addons\ofxOpenCv\libs\opencv\include\opencv2\flann</Filter>
    </ClInclude>
    <ClInclude Include="..\..\..\addons\ofxOpenCv\libs\opencv\include\opencv2\flann\ground_truth.h">
      <Filter>addons\ofxOpenCv\libs\opencv\include\opencv2\flann</Filter>
    </ClInclude>
    <ClInclude Include="..\..\..\addons\ofxOpenCv\libs\opencv\include\opencv2\flann\hdf5.h">
      <Filter>addons\ofxOpenCv\libs\opencv\include\opencv2\flann</Filter>
    </ClInclude>
    <ClInclude Include="..\..\..\addons\ofxOpenCv\libs\opencv\include\opencv2\flann\heap.h">
      <Filter>addons\ofxOpenCv\libs\opencv\include\opencv2\flann</Filter>
    </ClInclude>
    <ClInclude Include="..\..\..\addons\ofxOpenCv\libs\opencv\include\opencv2\flann\hierarchical_clustering_index.h">
      <Filter>addons\ofxOpenCv\libs\opencv\include\opencv2\flann</Filter>
    </ClInclude>
    <ClInclude Include="..\..\..\addons\ofxOpenCv\libs\opencv\include\opencv2\flann\index_testing.h">
      <Filter>addons\ofxOpenCv\libs\opencv\include\opencv2\flann</Filter>
    </ClInclude>
    <ClInclude Include="..\..\..\addons\ofxOpenCv\libs\opencv\include\opencv2\flann\kdtree_index.h">
      <Filter>addons\ofxOpenCv\libs\opencv\include\opencv2\flann</Filter>
    </ClInclude>
    <ClInclude Include="..\..\..\addons\ofxOpenCv\libs\opencv\include\opencv2\flann\kdtree_single_index.h">
      <Filter>addons\ofxOpenCv\libs\opencv\include\opencv2\flann</Filter>
    </ClInclude>
    <ClInclude Include="..\..\..\addons\ofxOpenCv\libs\opencv\include\opencv2\flann\kmeans_index.h">
      <Filter>addons\ofxOpenCv\libs\opencv\include\opencv2\flann</Filter>
    </ClInclude>
    <ClInclude Include="..\..\..\addons\ofxOpenCv\libs\opencv\include\opencv2\flann\linear_index.h">
      <Filter>addons\ofxOpenCv\libs\opencv\include\opencv2\flann</Filter>
    </ClInclude>
    <ClInclude Include="..\..\..\addons\ofxOpenCv\libs\opencv\include\opencv2\flann\logger.h">
      <Filter>addons\ofxOpenCv\libs\opencv\include\opencv2\flann</Filter>
    </ClInclude>
    <ClInclude Include="..\..\..\addons\ofxOpenCv\libs\opencv\include\opencv2\flann\lsh_index.h">
      <Filter>addons\ofxOpenCv\libs\opencv\include\opencv2\flann</Filter>
    </ClInclude>
    <ClInclude Include="..\..\..\addons\ofxOpenCv\libs\opencv\include\opencv2\flann\lsh_table.h">
      <Filter>addons\ofxOpenCv\libs\opencv\include\opencv2\flann</Filter>
    </ClInclude>
    <ClInclude Include="..\..\..\addons\ofxOpenCv\libs\opencv\include\opencv2\flann\matrix.h">
      <Filter>addons\ofxOpenCv\libs\opencv\include\opencv2\flann</Filter>
    </ClInclude>
    <ClInclude Include="..\..\..\addons\ofxOpenCv\libs\opencv\include\opencv2\flann\miniflann.hpp">
      <Filter>addons\ofxOpenCv\libs\opencv\include\opencv2\flann</Filter>
    </ClInclude>
    <ClInclude Include="..\..\..\addons\ofxOpenCv\libs\opencv\include\opencv2\flann\nn_index.h">
      <Filter>addons\ofxOpenCv\libs\opencv\include\opencv2\flann</Filter>
    </ClInclude>
    <ClInclude Include="..\..\..\addons\ofxOpenCv\libs\opencv\include\opencv2\flann\object_factory.h">
      <Filter>addons\ofxOpenCv\libs\opencv\include\opencv2\flann</Filter>
    </ClInclude>
    <ClInclude Include="..\..\..\addons\ofxOpenCv\libs\opencv\include\opencv2\flann\params.h">
      <Filter>addons\ofxOpenCv\libs\opencv\include\opencv2\flann</Filter>
    </ClInclude>
    <ClInclude Include="..\..\..\addons\ofxOpenCv\libs\opencv\include\opencv2\flann\random.h">
      <Filter>addons\ofxOpenCv\libs\opencv\include\opencv2\flann</Filter>
    </ClInclude>
    <ClInclude Include="..\..\..\addons\ofxOpenCv\libs\opencv\include\opencv2\flann\result_set.h">
      <Filter>addons\ofxOpenCv\libs\opencv\include\opencv2\flann</Filter>
    </ClInclude>
    <ClInclude Include="..\..\..\addons\ofxOpenCv\libs\opencv\include\opencv2\flann\sampling.h">
      <Filter>addons\ofxOpenCv\libs\opencv\include\opencv2\flann</Filter>
    </ClInclude>
    <ClInclude Include="..\..\..\addons\ofxOpenCv\libs\opencv\include\opencv2\flann\saving.h">
      <Filter>addons\ofxOpenCv\libs\opencv\include\opencv2\flann</Filter>
    </ClInclude>
    <ClInclude Include="..\..\..\addons\ofxOpenCv\libs\opencv\include\opencv2\flann\simplex_downhill.h">
      <Filter>addons\ofxOpenCv\libs\opencv\include\opencv2\flann</Filter>
    </ClInclude>
    <ClInclude Include="..\..\..\addons\ofxOpenCv\libs\opencv\include\opencv2\flann\timer.h">
      <Filter>addons\ofxOpenCv\libs\opencv\include\opencv2\flann</Filter>
    </ClInclude>
    <ClInclude Include="..\..\..\addons\ofxOpenCv\libs\opencv\include\opencv2\gpu\device\block.hpp">
      <Filter>addons\ofxOpenCv\libs\opencv\include\opencv2\gpu\device</Filter>
    </ClInclude>
    <ClInclude Include="..\..\..\addons\ofxOpenCv\libs\opencv\include\opencv2\gpu\device\border_interpolate.hpp">
      <Filter>addons\ofxOpenCv\libs\opencv\include\opencv2\gpu\device</Filter>
    </ClInclude>
    <ClInclude Include="..\..\..\addons\ofxOpenCv\libs\opencv\include\opencv2\gpu\device\color.hpp">
      <Filter>addons\ofxOpenCv\libs\opencv\include\opencv2\gpu\device</Filter>
    </ClInclude>
    <ClInclude Include="..\..\..\addons\ofxOpenCv\libs\opencv\include\opencv2\gpu\device\common.hpp">
      <Filter>addons\ofxOpenCv\libs\opencv\include\opencv2\gpu\device</Filter>
    </ClInclude>
    <ClInclude Include="..\..\..\addons\ofxOpenCv\libs\opencv\include\opencv2\gpu\device\datamov_utils.hpp">
      <Filter>addons\ofxOpenCv\libs\opencv\include\opencv2\gpu\device</Filter>
    </ClInclude>
    <ClInclude Include="..\..\..\addons\ofxOpenCv\libs\opencv\include\opencv2\gpu\device\detail\color_detail.hpp">
      <Filter>addons\ofxOpenCv\libs\opencv\include\opencv2\gpu\device\detail</Filter>
    </ClInclude>
    <ClInclude Include="..\..\..\addons\ofxOpenCv\libs\opencv\include\opencv2\gpu\device\detail\reduce.hpp">
      <Filter>addons\ofxOpenCv\libs\opencv\include\opencv2\gpu\device\detail</Filter>
    </ClInclude>
    <ClInclude Include="..\..\..\addons\ofxOpenCv\libs\opencv\include\opencv2\gpu\device\detail\reduce_key_val.hpp">
      <Filter>addons\ofxOpenCv\libs\opencv\include\opencv2\gpu\device\detail</Filter>
    </ClInclude>
    <ClInclude Include="..\..\..\addons\ofxOpenCv\libs\opencv\include\opencv2\gpu\device\detail\transform_detail.hpp">
      <Filter>addons\ofxOpenCv\libs\opencv\include\opencv2\gpu\device\detail</Filter>
    </ClInclude>
    <ClInclude Include="..\..\..\addons\ofxOpenCv\libs\opencv\include\opencv2\gpu\device\detail\type_traits_detail.hpp">
      <Filter>addons\ofxOpenCv\libs\opencv\include\opencv2\gpu\device\detail</Filter>
    </ClInclude>
    <ClInclude Include="..\..\..\addons\ofxOpenCv\libs\opencv\include\opencv2\gpu\device\detail\vec_distance_detail.hpp">
      <Filter>addons\ofxOpenCv\libs\opencv\include\opencv2\gpu\device\detail</Filter>
    </ClInclude>
    <ClInclude Include="..\..\..\addons\ofxOpenCv\libs\opencv\include\opencv2\gpu\device\dynamic_smem.hpp">
      <Filter>addons\ofxOpenCv\libs\opencv\include\opencv2\gpu\device</Filter>
    </ClInclude>
    <ClInclude Include="..\..\..\addons\ofxOpenCv\libs\opencv\include\opencv2\gpu\device\emulation.hpp">
      <Filter>addons\ofxOpenCv\libs\opencv\include\opencv2\gpu\device</Filter>
    </ClInclude>
    <ClInclude Include="..\..\..\addons\ofxOpenCv\libs\opencv\include\opencv2\gpu\device\filters.hpp">
      <Filter>addons\ofxOpenCv\libs\opencv\include\opencv2\gpu\device</Filter>
    </ClInclude>
    <ClInclude Include="..\..\..\addons\ofxOpenCv\libs\opencv\include\opencv2\gpu\device\funcattrib.hpp">
      <Filter>addons\ofxOpenCv\libs\opencv\include\opencv2\gpu\device</Filter>
    </ClInclude>
    <ClInclude Include="..\..\..\addons\ofxOpenCv\libs\opencv\include\opencv2\gpu\device\functional.hpp">
      <Filter>addons\ofxOpenCv\libs\opencv\include\opencv2\gpu\device</Filter>
    </ClInclude>
    <ClInclude Include="..\..\..\addons\ofxOpenCv\libs\opencv\include\opencv2\gpu\device\limits.hpp">
      <Filter>addons\ofxOpenCv\libs\opencv\include\opencv2\gpu\device</Filter>
    </ClInclude>
    <ClInclude Include="..\..\..\addons\ofxOpenCv\libs\opencv\include\opencv2\gpu\device\reduce.hpp">
      <Filter>addons\ofxOpenCv\libs\opencv\include\opencv2\gpu\device</Filter>
    </ClInclude>
    <ClInclude Include="..\..\..\addons\ofxOpenCv\libs\opencv\include\opencv2\gpu\device\saturate_cast.hpp">
      <Filter>addons\ofxOpenCv\libs\opencv\include\opencv2\gpu\device</Filter>
    </ClInclude>
    <ClInclude Include="..\..\..\addons\ofxOpenCv\libs\opencv\include\opencv2\gpu\device\scan.hpp">
      <Filter>addons\ofxOpenCv\libs\opencv\include\opencv2\gpu\device</Filter>
    </ClInclude>
    <ClInclude Include="..\..\..\addons\ofxOpenCv\libs\opencv\include\opencv2\gpu\device\simd_functions.hpp">
      <Filter>addons\ofxOpenCv\libs\opencv\include\opencv2\gpu\device</Filter>
    </ClInclude>
    <ClInclude Include="..\..\..\addons\ofxOpenCv\libs\opencv\include\opencv2\gpu\device\static_check.hpp">
      <Filter>addons\ofxOpenCv\libs\opencv\include\opencv2\gpu\device</Filter>
    </ClInclude>
    <ClInclude Include="..\..\..\addons\ofxOpenCv\libs\opencv\include\opencv2\gpu\device\transform.hpp">
      <Filter>addons\ofxOpenCv\libs\opencv\include\opencv2\gpu\device</Filter>
    </ClInclude>
    <ClInclude Include="..\..\..\addons\ofxOpenCv\libs\opencv\include\opencv2\gpu\device\type_traits.hpp">
      <Filter>addons\ofxOpenCv\libs\opencv\include\opencv2\gpu\device</Filter>
    </ClInclude>
    <ClInclude Include="..\..\..\addons\ofxOpenCv\libs\opencv\include\opencv2\gpu\device\utility.hpp">
      <Filter>addons\ofxOpenCv\libs\opencv\include\opencv2\gpu\device</Filter>
    </ClInclude>
    <ClInclude Include="..\..\..\addons\ofxOpenCv\libs\opencv\include\opencv2\gpu\device\vec_distance.hpp">
      <Filter>addons\ofxOpenCv\libs\opencv\include\opencv2\gpu\device</Filter>
    </ClInclude>
    <ClInclude Include="..\..\..\addons\ofxOpenCv\libs\opencv\include\opencv2\gpu\device\vec_math.hpp">
      <Filter>addons\ofxOpenCv\libs\opencv\include\opencv2\gpu\device</Filter>
    </ClInclude>
    <ClInclude Include="..\..\..\addons\ofxOpenCv\libs\opencv\include\opencv2\gpu\device\vec_traits.hpp">
      <Filter>addons\ofxOpenCv\libs\opencv\include\opencv2\gpu\device</Filter>
    </ClInclude>
    <ClInclude Include="..\..\..\addons\ofxOpenCv\libs\opencv\include\opencv2\gpu\device\warp.hpp">
      <Filter>addons\ofxOpenCv\libs\opencv\include\opencv2\gpu\device</Filter>
    </ClInclude>
    <ClInclude Include="..\..\..\addons\ofxOpenCv\libs\opencv\include\opencv2\gpu\device\warp_reduce.hpp">
      <Filter>addons\ofxOpenCv\libs\opencv\include\opencv2\gpu\device</Filter>
    </ClInclude>
    <ClInclude Include="..\..\..\addons\ofxOpenCv\libs\opencv\include\opencv2\gpu\device\warp_shuffle.hpp">
      <Filter>addons\ofxOpenCv\libs\opencv\include\opencv2\gpu\device</Filter>
    </ClInclude>
    <ClInclude Include="..\..\..\addons\ofxOpenCv\libs\opencv\include\opencv2\gpu\devmem2d.hpp">
      <Filter>addons\ofxOpenCv\libs\opencv\include\opencv2\gpu</Filter>
    </ClInclude>
    <ClInclude Include="..\..\..\addons\ofxOpenCv\libs\opencv\include\opencv2\gpu\gpu.hpp">
      <Filter>addons\ofxOpenCv\libs\opencv\include\opencv2\gpu</Filter>
    </ClInclude>
    <ClInclude Include="..\..\..\addons\ofxOpenCv\libs\opencv\include\opencv2\gpu\gpumat.hpp">
      <Filter>addons\ofxOpenCv\libs\opencv\include\opencv2\gpu</Filter>
    </ClInclude>
    <ClInclude Include="..\..\..\addons\ofxOpenCv\libs\opencv\include\opencv2\gpu\stream_accessor.hpp">
      <Filter>addons\ofxOpenCv\libs\opencv\include\opencv2\gpu</Filter>
    </ClInclude>
    <ClInclude Include="..\..\..\addons\ofxOpenCv\libs\opencv\include\opencv2\highgui\cap_ios.h">
      <Filter>addons\ofxOpenCv\libs\opencv\include\opencv2\highgui</Filter>
    </ClInclude>
    <ClInclude Include="..\..\..\addons\ofxOpenCv\libs\opencv\include\opencv2\highgui\highgui.hpp">
      <Filter>addons\ofxOpenCv\libs\opencv\include\opencv2\highgui</Filter>
    </ClInclude>
    <ClInclude Include="..\..\..\addons\ofxOpenCv\libs\opencv\include\opencv2\highgui\highgui_c.h">
      <Filter>addons\ofxOpenCv\libs\opencv\include\opencv2\highgui</Filter>
    </ClInclude>
    <ClInclude Include="..\..\..\addons\ofxOpenCv\libs\opencv\include\opencv2\highgui\ios.h">
      <Filter>addons\ofxOpenCv\libs\opencv\include\opencv2\highgui</Filter>
    </ClInclude>
    <ClInclude Include="..\..\..\addons\ofxOpenCv\libs\opencv\include\opencv2\imgproc\imgproc.hpp">
      <Filter>addons\ofxOpenCv\libs\opencv\include\opencv2\imgproc</Filter>
    </ClInclude>
    <ClInclude Include="..\..\..\addons\ofxOpenCv\libs\opencv\include\opencv2\imgproc\imgproc_c.h">
      <Filter>addons\ofxOpenCv\libs\opencv\include\opencv2\imgproc</Filter>
    </ClInclude>
    <ClInclude Include="..\..\..\addons\ofxOpenCv\libs\opencv\include\opencv2\imgproc\types_c.h">
      <Filter>addons\ofxOpenCv\libs\opencv\include\opencv2\imgproc</Filter>
    </ClInclude>
    <ClInclude Include="..\..\..\addons\ofxOpenCv\libs\opencv\include\opencv2\legacy\blobtrack.hpp">
      <Filter>addons\ofxOpenCv\libs\opencv\include\opencv2\legacy</Filter>
    </ClInclude>
    <ClInclude Include="..\..\..\addons\ofxOpenCv\libs\opencv\include\opencv2\legacy\compat.hpp">
      <Filter>addons\ofxOpenCv\libs\opencv\include\opencv2\legacy</Filter>
    </ClInclude>
    <ClInclude Include="..\..\..\addons\ofxOpenCv\libs\opencv\include\opencv2\legacy\legacy.hpp">
      <Filter>addons\ofxOpenCv\libs\opencv\include\opencv2\legacy</Filter>
    </ClInclude>
    <ClInclude Include="..\..\..\addons\ofxOpenCv\libs\opencv\include\opencv2\legacy\streams.hpp">
      <Filter>addons\ofxOpenCv\libs\opencv\include\opencv2\legacy</Filter>
    </ClInclude>
    <ClInclude Include="..\..\..\addons\ofxOpenCv\libs\opencv\include\opencv2\ml\ml.hpp">
      <Filter>addons\ofxOpenCv\libs\opencv\include\opencv2\ml</Filter>
    </ClInclude>
    <ClInclude Include="..\..\..\addons\ofxOpenCv\libs\opencv\include\opencv2\nonfree\features2d.hpp">
      <Filter>addons\ofxOpenCv\libs\opencv\include\opencv2\nonfree</Filter>
    </ClInclude>
    <ClInclude Include="..\..\..\addons\ofxOpenCv\libs\opencv\include\opencv2\nonfree\gpu.hpp">
      <Filter>addons\ofxOpenCv\libs\opencv\include\opencv2\nonfree</Filter>
    </ClInclude>
    <ClInclude Include="..\..\..\addons\ofxOpenCv\libs\opencv\include\opencv2\nonfree\nonfree.hpp">
      <Filter>addons\ofxOpenCv\libs\opencv\include\opencv2\nonfree</Filter>
    </ClInclude>
    <ClInclude Include="..\..\..\addons\ofxOpenCv\libs\opencv\include\opencv2\nonfree\ocl.hpp">
      <Filter>addons\ofxOpenCv\libs\opencv\include\opencv2\nonfree</Filter>
    </ClInclude>
    <ClInclude Include="..\..\..\addons\ofxOpenCv\libs\opencv\include\opencv2\objdetect\objdetect.hpp">
      <Filter>addons\ofxOpenCv\libs\opencv\include\opencv2\objdetect</Filter>
    </ClInclude>
    <ClInclude Include="..\..\..\addons\ofxOpenCv\libs\opencv\include\opencv2\opencv.hpp">
      <Filter>addons\ofxOpenCv\libs\opencv\include\opencv2</Filter>
    </ClInclude>
    <ClInclude Include="..\..\..\addons\ofxOpenCv\libs\opencv\include\opencv2\opencv_modules.hpp">
      <Filter>addons\ofxOpenCv\libs\opencv\include\opencv2</Filter>
    </ClInclude>
    <ClInclude Include="..\..\..\addons\ofxOpenCv\libs\opencv\include\opencv2\photo\photo.hpp">
      <Filter>addons\ofxOpenCv\libs\opencv\include\opencv2\photo</Filter>
    </ClInclude>
    <ClInclude Include="..\..\..\addons\ofxOpenCv\libs\opencv\include\opencv2\photo\photo_c.h">
      <Filter>addons\ofxOpenCv\libs\opencv\include\opencv2\photo</Filter>
    </ClInclude>
    <ClInclude Include="..\..\..\addons\ofxOpenCv\libs\opencv\include\opencv2\stitching\detail\autocalib.hpp">
      <Filter>addons\ofxOpenCv\libs\opencv\include\opencv2\stitching\detail</Filter>
    </ClInclude>
    <ClInclude Include="..\..\..\addons\ofxOpenCv\libs\opencv\include\opencv2\stitching\detail\blenders.hpp">
      <Filter>addons\ofxOpenCv\libs\opencv\include\opencv2\stitching\detail</Filter>
    </ClInclude>
    <ClInclude Include="..\..\..\addons\ofxOpenCv\libs\opencv\include\opencv2\stitching\detail\camera.hpp">
      <Filter>addons\ofxOpenCv\libs\opencv\include\opencv2\stitching\detail</Filter>
    </ClInclude>
    <ClInclude Include="..\..\..\addons\ofxOpenCv\libs\opencv\include\opencv2\stitching\detail\exposure_compensate.hpp">
      <Filter>addons\ofxOpenCv\libs\opencv\include\opencv2\stitching\detail</Filter>
    </ClInclude>
    <ClInclude Include="..\..\..\addons\ofxOpenCv\libs\opencv\include\opencv2\stitching\detail\matchers.hpp">
      <Filter>addons\ofxOpenCv\libs\opencv\include\opencv2\stitching\detail</Filter>
    </ClInclude>
    <ClInclude Include="..\..\..\addons\ofxOpenCv\libs\opencv\include\opencv2\stitching\detail\motion_estimators.hpp">
      <Filter>addons\ofxOpenCv\libs\opencv\include\opencv2\stitching\detail</Filter>
    </ClInclude>
    <ClInclude Include="..\..\..\addons\ofxOpenCv\libs\opencv\include\opencv2\stitching\detail\seam_finders.hpp">
      <Filter>addons\ofxOpenCv\libs\opencv\include\opencv2\stitching\detail</Filter>
    </ClInclude>
    <ClInclude Include="..\..\..\addons\ofxOpenCv\libs\opencv\include\opencv2\stitching\detail\util.hpp">
      <Filter>addons\ofxOpenCv\libs\opencv\include\opencv2\stitching\detail</Filter>
    </ClInclude>
    <ClInclude Include="..\..\..\addons\ofxOpenCv\libs\opencv\include\opencv2\stitching\detail\util_inl.hpp">
      <Filter>addons\ofxOpenCv\libs\opencv\include\opencv2\stitching\detail</Filter>
    </ClInclude>
    <ClInclude Include="..\..\..\addons\ofxOpenCv\libs\opencv\include\opencv2\stitching\detail\warpers.hpp">
      <Filter>addons\ofxOpenCv\libs\opencv\include\opencv2\stitching\detail</Filter>
    </ClInclude>
    <ClInclude Include="..\..\..\addons\ofxOpenCv\libs\opencv\include\opencv2\stitching\detail\warpers_inl.hpp">
      <Filter>addons\ofxOpenCv\libs\opencv\include\opencv2\stitching\detail</Filter>
    </ClInclude>
    <ClInclude Include="..\..\..\addons\ofxOpenCv\libs\opencv\include\opencv2\stitching\stitcher.hpp">
      <Filter>addons\ofxOpenCv\libs\opencv\include\opencv2\stitching</Filter>
    </ClInclude>
    <ClInclude Include="..\..\..\addons\ofxOpenCv\libs\opencv\include\opencv2\stitching\warpers.hpp">
      <Filter>addons\ofxOpenCv\libs\opencv\include\opencv2\stitching</Filter>
    </ClInclude>
    <ClInclude Include="..\..\..\addons\ofxOpenCv\libs\opencv\include\opencv2\superres\optical_flow.hpp">
      <Filter>addons\ofxOpenCv\libs\opencv\include\opencv2\superres</Filter>
    </ClInclude>
    <ClInclude Include="..\..\..\addons\ofxOpenCv\libs\opencv\include\opencv2\superres\superres.hpp">
      <Filter>addons\ofxOpenCv\libs\opencv\include\opencv2\superres</Filter>
    </ClInclude>
    <ClInclude Include="..\..\..\addons\ofxOpenCv\libs\opencv\include\opencv2\ts\gpu_perf.hpp">
      <Filter>addons\ofxOpenCv\libs\opencv\include\opencv2\ts</Filter>
    </ClInclude>
    <ClInclude Include="..\..\..\addons\ofxOpenCv\libs\opencv\include\opencv2\ts\gpu_test.hpp">
      <Filter>addons\ofxOpenCv\libs\opencv\include\opencv2\ts</Filter>
    </ClInclude>
    <ClInclude Include="..\..\..\addons\ofxOpenCv\libs\opencv\include\opencv2\ts\ts.hpp">
      <Filter>addons\ofxOpenCv\libs\opencv\include\opencv2\ts</Filter>
    </ClInclude>
    <ClInclude Include="..\..\..\addons\ofxOpenCv\libs\opencv\include\opencv2\ts\ts_gtest.h">
      <Filter>addons\ofxOpenCv\libs\opencv\include\opencv2\ts</Filter>
    </ClInclude>
    <ClInclude Include="..\..\..\addons\ofxOpenCv\libs\opencv\include\opencv2\ts\ts_perf.hpp">
      <Filter>addons\ofxOpenCv\libs\opencv\include\opencv2\ts</Filter>
    </ClInclude>
    <ClInclude Include="..\..\..\addons\ofxOpenCv\libs\opencv\include\opencv2\video\background_segm.hpp">
      <Filter>addons\ofxOpenCv\libs\opencv\include\opencv2\video</Filter>
    </ClInclude>
    <ClInclude Include="..\..\..\addons\ofxOpenCv\libs\opencv\include\opencv2\video\tracking.hpp">
      <Filter>addons\ofxOpenCv\libs\opencv\include\opencv2\video</Filter>
    </ClInclude>
    <ClInclude Include="..\..\..\addons\ofxOpenCv\libs\opencv\include\opencv2\video\video.hpp">
      <Filter>addons\ofxOpenCv\libs\opencv\include\opencv2\video</Filter>
    </ClInclude>
    <ClInclude Include="..\..\..\addons\ofxOpenCv\libs\opencv\include\opencv2\videostab\deblurring.hpp">
      <Filter>addons\ofxOpenCv\libs\opencv\include\opencv2\videostab</Filter>
    </ClInclude>
    <ClInclude Include="..\..\..\addons\ofxOpenCv\libs\opencv\include\opencv2\videostab\fast_marching.hpp">
      <Filter>addons\ofxOpenCv\libs\opencv\include\opencv2\videostab</Filter>
    </ClInclude>
    <ClInclude Include="..\..\..\addons\ofxOpenCv\libs\opencv\include\opencv2\videostab\fast_marching_inl.hpp">
      <Filter>addons\ofxOpenCv\libs\opencv\include\opencv2\videostab</Filter>
    </ClInclude>
    <ClInclude Include="..\..\..\addons\ofxOpenCv\libs\opencv\include\opencv2\videostab\frame_source.hpp">
      <Filter>addons\ofxOpenCv\libs\opencv\include\opencv2\videostab</Filter>
    </ClInclude>
    <ClInclude Include="..\..\..\addons\ofxOpenCv\libs\opencv\include\opencv2\videostab\global_motion.hpp">
      <Filter>addons\ofxOpenCv\libs\opencv\include\opencv2\videostab</Filter>
    </ClInclude>
    <ClInclude Include="..\..\..\addons\ofxOpenCv\libs\opencv\include\opencv2\videostab\inpainting.hpp">
      <Filter>addons\ofxOpenCv\libs\opencv\include\opencv2\videostab</Filter>
    </ClInclude>
    <ClInclude Include="..\..\..\addons\ofxOpenCv\libs\opencv\include\opencv2\videostab\log.hpp">
      <Filter>addons\ofxOpenCv\libs\opencv\include\opencv2\videostab</Filter>
    </ClInclude>
    <ClInclude Include="..\..\..\addons\ofxOpenCv\libs\opencv\include\opencv2\videostab\motion_stabilizing.hpp">
      <Filter>addons\ofxOpenCv\libs\opencv\include\opencv2\videostab</Filter>
    </ClInclude>
    <ClInclude Include="..\..\..\addons\ofxOpenCv\libs\opencv\include\opencv2\videostab\optical_flow.hpp">
      <Filter>addons\ofxOpenCv\libs\opencv\include\opencv2\videostab</Filter>
    </ClInclude>
    <ClInclude Include="..\..\..\addons\ofxOpenCv\libs\opencv\include\opencv2\videostab\stabilizer.hpp">
      <Filter>addons\ofxOpenCv\libs\opencv\include\opencv2\videostab</Filter>
    </ClInclude>
    <ClInclude Include="..\..\..\addons\ofxOpenCv\libs\opencv\include\opencv2\videostab\videostab.hpp">
      <Filter>addons\ofxOpenCv\libs\opencv\include\opencv2\videostab</Filter>
    </ClInclude>
    <ClInclude Include="..\..\..\addons\ofxThreadedImageLoader\src\ofxThreadedImageLoader.h">
      <Filter>addons\ofxThreadedImageLoader\src</Filter>
    </ClInclude>
    <ClInclude Include="..\..\..\addons\ofxTrueTypeFontUC\src\freetype2\freetype\config\ftconfig.h">
      <Filter>addons\ofxTrueTypeFontUC\src\freetype2\freetype\config</Filter>
    </ClInclude>
    <ClInclude Include="..\..\..\addons\ofxTrueTypeFontUC\src\freetype2\freetype\config\ftheader.h">
      <Filter>addons\ofxTrueTypeFontUC\src\freetype2\freetype\config</Filter>
    </ClInclude>
    <ClInclude Include="..\..\..\addons\ofxTrueTypeFontUC\src\freetype2\freetype\config\ftmodule.h">
      <Filter>addons\ofxTrueTypeFontUC\src\freetype2\freetype\config</Filter>
    </ClInclude>
    <ClInclude Include="..\..\..\addons\ofxTrueTypeFontUC\src\freetype2\freetype\config\ftoption.h">
      <Filter>addons\ofxTrueTypeFontUC\src\freetype2\freetype\config</Filter>
    </ClInclude>
    <ClInclude Include="..\..\..\addons\ofxTrueTypeFontUC\src\freetype2\freetype\config\ftstdlib.h">
      <Filter>addons\ofxTrueTypeFontUC\src\freetype2\freetype\config</Filter>
    </ClInclude>
    <ClInclude Include="..\..\..\addons\ofxTrueTypeFontUC\src\freetype2\freetype\freetype.h">
      <Filter>addons\ofxTrueTypeFontUC\src\freetype2\freetype</Filter>
    </ClInclude>
    <ClInclude Include="..\..\..\addons\ofxTrueTypeFontUC\src\freetype2\freetype\ftadvanc.h">
      <Filter>addons\ofxTrueTypeFontUC\src\freetype2\freetype</Filter>
    </ClInclude>
    <ClInclude Include="..\..\..\addons\ofxTrueTypeFontUC\src\freetype2\freetype\ftautoh.h">
      <Filter>addons\ofxTrueTypeFontUC\src\freetype2\freetype</Filter>
    </ClInclude>
    <ClInclude Include="..\..\..\addons\ofxTrueTypeFontUC\src\freetype2\freetype\ftbbox.h">
      <Filter>addons\ofxTrueTypeFontUC\src\freetype2\freetype</Filter>
    </ClInclude>
    <ClInclude Include="..\..\..\addons\ofxTrueTypeFontUC\src\freetype2\freetype\ftbdf.h">
      <Filter>addons\ofxTrueTypeFontUC\src\freetype2\freetype</Filter>
    </ClInclude>
    <ClInclude Include="..\..\..\addons\ofxTrueTypeFontUC\src\freetype2\freetype\ftbitmap.h">
      <Filter>addons\ofxTrueTypeFontUC\src\freetype2\freetype</Filter>
    </ClInclude>
    <ClInclude Include="..\..\..\addons\ofxTrueTypeFontUC\src\freetype2\freetype\ftbzip2.h">
      <Filter>addons\ofxTrueTypeFontUC\src\freetype2\freetype</Filter>
    </ClInclude>
    <ClInclude Include="..\..\..\addons\ofxTrueTypeFontUC\src\freetype2\freetype\ftcache.h">
      <Filter>addons\ofxTrueTypeFontUC\src\freetype2\freetype</Filter>
    </ClInclude>
    <ClInclude Include="..\..\..\addons\ofxTrueTypeFontUC\src\freetype2\freetype\ftcffdrv.h">
      <Filter>addons\ofxTrueTypeFontUC\src\freetype2\freetype</Filter>
    </ClInclude>
    <ClInclude Include="..\..\..\addons\ofxTrueTypeFontUC\src\freetype2\freetype\ftchapters.h">
      <Filter>addons\ofxTrueTypeFontUC\src\freetype2\freetype</Filter>
    </ClInclude>
    <ClInclude Include="..\..\..\addons\ofxTrueTypeFontUC\src\freetype2\freetype\ftcid.h">
      <Filter>addons\ofxTrueTypeFontUC\src\freetype2\freetype</Filter>
    </ClInclude>
    <ClInclude Include="..\..\..\addons\ofxTrueTypeFontUC\src\freetype2\freetype\fterrdef.h">
      <Filter>addons\ofxTrueTypeFontUC\src\freetype2\freetype</Filter>
    </ClInclude>
    <ClInclude Include="..\..\..\addons\ofxTrueTypeFontUC\src\freetype2\freetype\fterrors.h">
      <Filter>addons\ofxTrueTypeFontUC\src\freetype2\freetype</Filter>
    </ClInclude>
    <ClInclude Include="..\..\..\addons\ofxTrueTypeFontUC\src\freetype2\freetype\ftfntfmt.h">
      <Filter>addons\ofxTrueTypeFontUC\src\freetype2\freetype</Filter>
    </ClInclude>
    <ClInclude Include="..\..\..\addons\ofxTrueTypeFontUC\src\freetype2\freetype\ftgasp.h">
      <Filter>addons\ofxTrueTypeFontUC\src\freetype2\freetype</Filter>
    </ClInclude>
    <ClInclude Include="..\..\..\addons\ofxTrueTypeFontUC\src\freetype2\freetype\ftglyph.h">
      <Filter>addons\ofxTrueTypeFontUC\src\freetype2\freetype</Filter>
    </ClInclude>
    <ClInclude Include="..\..\..\addons\ofxTrueTypeFontUC\src\freetype2\freetype\ftgxval.h">
      <Filter>addons\ofxTrueTypeFontUC\src\freetype2\freetype</Filter>
    </ClInclude>
    <ClInclude Include="..\..\..\addons\ofxTrueTypeFontUC\src\freetype2\freetype\ftgzip.h">
      <Filter>addons\ofxTrueTypeFontUC\src\freetype2\freetype</Filter>
    </ClInclude>
    <ClInclude Include="..\..\..\addons\ofxTrueTypeFontUC\src\freetype2\freetype\ftimage.h">
      <Filter>addons\ofxTrueTypeFontUC\src\freetype2\freetype</Filter>
    </ClInclude>
    <ClInclude Include="..\..\..\addons\ofxTrueTypeFontUC\src\freetype2\freetype\ftincrem.h">
      <Filter>addons\ofxTrueTypeFontUC\src\freetype2\freetype</Filter>
    </ClInclude>
    <ClInclude Include="..\..\..\addons\ofxTrueTypeFontUC\src\freetype2\freetype\ftlcdfil.h">
      <Filter>addons\ofxTrueTypeFontUC\src\freetype2\freetype</Filter>
    </ClInclude>
    <ClInclude Include="..\..\..\addons\ofxTrueTypeFontUC\src\freetype2\freetype\ftlist.h">
      <Filter>addons\ofxTrueTypeFontUC\src\freetype2\freetype</Filter>
    </ClInclude>
    <ClInclude Include="..\..\..\addons\ofxTrueTypeFontUC\src\freetype2\freetype\ftlzw.h">
      <Filter>addons\ofxTrueTypeFontUC\src\freetype2\freetype</Filter>
    </ClInclude>
    <ClInclude Include="..\..\..\addons\ofxTrueTypeFontUC\src\freetype2\freetype\ftmac.h">
      <Filter>addons\ofxTrueTypeFontUC\src\freetype2\freetype</Filter>
    </ClInclude>
    <ClInclude Include="..\..\..\addons\ofxTrueTypeFontUC\src\freetype2\freetype\ftmm.h">
      <Filter>addons\ofxTrueTypeFontUC\src\freetype2\freetype</Filter>
    </ClInclude>
    <ClInclude Include="..\..\..\addons\ofxTrueTypeFontUC\src\freetype2\freetype\ftmodapi.h">
      <Filter>addons\ofxTrueTypeFontUC\src\freetype2\freetype</Filter>
    </ClInclude>
    <ClInclude Include="..\..\..\addons\ofxTrueTypeFontUC\src\freetype2\freetype\ftmoderr.h">
      <Filter>addons\ofxTrueTypeFontUC\src\freetype2\freetype</Filter>
    </ClInclude>
    <ClInclude Include="..\..\..\addons\ofxTrueTypeFontUC\src\freetype2\freetype\ftotval.h">
      <Filter>addons\ofxTrueTypeFontUC\src\freetype2\freetype</Filter>
    </ClInclude>
    <ClInclude Include="..\..\..\addons\ofxTrueTypeFontUC\src\freetype2\freetype\ftoutln.h">
      <Filter>addons\ofxTrueTypeFontUC\src\freetype2\freetype</Filter>
    </ClInclude>
    <ClInclude Include="..\..\..\addons\ofxTrueTypeFontUC\src\freetype2\freetype\ftpfr.h">
      <Filter>addons\ofxTrueTypeFontUC\src\freetype2\freetype</Filter>
    </ClInclude>
    <ClInclude Include="..\..\..\addons\ofxTrueTypeFontUC\src\freetype2\freetype\ftrender.h">
      <Filter>addons\ofxTrueTypeFontUC\src\freetype2\freetype</Filter>
    </ClInclude>
    <ClInclude Include="..\..\..\addons\ofxTrueTypeFontUC\src\freetype2\freetype\ftsizes.h">
      <Filter>addons\ofxTrueTypeFontUC\src\freetype2\freetype</Filter>
    </ClInclude>
    <ClInclude Include="..\..\..\addons\ofxTrueTypeFontUC\src\freetype2\freetype\ftsnames.h">
      <Filter>addons\ofxTrueTypeFontUC\src\freetype2\freetype</Filter>
    </ClInclude>
    <ClInclude Include="..\..\..\addons\ofxTrueTypeFontUC\src\freetype2\freetype\ftstroke.h">
      <Filter>addons\ofxTrueTypeFontUC\src\freetype2\freetype</Filter>
    </ClInclude>
    <ClInclude Include="..\..\..\addons\ofxTrueTypeFontUC\src\freetype2\freetype\ftsynth.h">
      <Filter>addons\ofxTrueTypeFontUC\src\freetype2\freetype</Filter>
    </ClInclude>
    <ClInclude Include="..\..\..\addons\ofxTrueTypeFontUC\src\freetype2\freetype\ftsystem.h">
      <Filter>addons\ofxTrueTypeFontUC\src\freetype2\freetype</Filter>
    </ClInclude>
    <ClInclude Include="..\..\..\addons\ofxTrueTypeFontUC\src\freetype2\freetype\fttrigon.h">
      <Filter>addons\ofxTrueTypeFontUC\src\freetype2\freetype</Filter>
    </ClInclude>
    <ClInclude Include="..\..\..\addons\ofxTrueTypeFontUC\src\freetype2\freetype\ftttdrv.h">
      <Filter>addons\ofxTrueTypeFontUC\src\freetype2\freetype</Filter>
    </ClInclude>
    <ClInclude Include="..\..\..\addons\ofxTrueTypeFontUC\src\freetype2\freetype\fttypes.h">
      <Filter>addons\ofxTrueTypeFontUC\src\freetype2\freetype</Filter>
    </ClInclude>
    <ClInclude Include="..\..\..\addons\ofxTrueTypeFontUC\src\freetype2\freetype\ftwinfnt.h">
      <Filter>addons\ofxTrueTypeFontUC\src\freetype2\freetype</Filter>
    </ClInclude>
    <ClInclude Include="..\..\..\addons\ofxTrueTypeFontUC\src\freetype2\freetype\internal\autohint.h">
      <Filter>addons\ofxTrueTypeFontUC\src\freetype2\freetype\internal</Filter>
    </ClInclude>
    <ClInclude Include="..\..\..\addons\ofxTrueTypeFontUC\src\freetype2\freetype\internal\ftcalc.h">
      <Filter>addons\ofxTrueTypeFontUC\src\freetype2\freetype\internal</Filter>
    </ClInclude>
    <ClInclude Include="..\..\..\addons\ofxTrueTypeFontUC\src\freetype2\freetype\internal\ftdebug.h">
      <Filter>addons\ofxTrueTypeFontUC\src\freetype2\freetype\internal</Filter>
    </ClInclude>
    <ClInclude Include="..\..\..\addons\ofxTrueTypeFontUC\src\freetype2\freetype\internal\ftdriver.h">
      <Filter>addons\ofxTrueTypeFontUC\src\freetype2\freetype\internal</Filter>
    </ClInclude>
    <ClInclude Include="..\..\..\addons\ofxTrueTypeFontUC\src\freetype2\freetype\internal\ftgloadr.h">
      <Filter>addons\ofxTrueTypeFontUC\src\freetype2\freetype\internal</Filter>
    </ClInclude>
    <ClInclude Include="..\..\..\addons\ofxTrueTypeFontUC\src\freetype2\freetype\internal\ftmemory.h">
      <Filter>addons\ofxTrueTypeFontUC\src\freetype2\freetype\internal</Filter>
    </ClInclude>
    <ClInclude Include="..\..\..\addons\ofxTrueTypeFontUC\src\freetype2\freetype\internal\ftobjs.h">
      <Filter>addons\ofxTrueTypeFontUC\src\freetype2\freetype\internal</Filter>
    </ClInclude>
    <ClInclude Include="..\..\..\addons\ofxTrueTypeFontUC\src\freetype2\freetype\internal\ftpic.h">
      <Filter>addons\ofxTrueTypeFontUC\src\freetype2\freetype\internal</Filter>
    </ClInclude>
    <ClInclude Include="..\..\..\addons\ofxTrueTypeFontUC\src\freetype2\freetype\internal\ftrfork.h">
      <Filter>addons\ofxTrueTypeFontUC\src\freetype2\freetype\internal</Filter>
    </ClInclude>
    <ClInclude Include="..\..\..\addons\ofxTrueTypeFontUC\src\freetype2\freetype\internal\ftserv.h">
      <Filter>addons\ofxTrueTypeFontUC\src\freetype2\freetype\internal</Filter>
    </ClInclude>
    <ClInclude Include="..\..\..\addons\ofxTrueTypeFontUC\src\freetype2\freetype\internal\ftstream.h">
      <Filter>addons\ofxTrueTypeFontUC\src\freetype2\freetype\internal</Filter>
    </ClInclude>
    <ClInclude Include="..\..\..\addons\ofxTrueTypeFontUC\src\freetype2\freetype\internal\fttrace.h">
      <Filter>addons\ofxTrueTypeFontUC\src\freetype2\freetype\internal</Filter>
    </ClInclude>
    <ClInclude Include="..\..\..\addons\ofxTrueTypeFontUC\src\freetype2\freetype\internal\ftvalid.h">
      <Filter>addons\ofxTrueTypeFontUC\src\freetype2\freetype\internal</Filter>
    </ClInclude>
    <ClInclude Include="..\..\..\addons\ofxTrueTypeFontUC\src\freetype2\freetype\internal\internal.h">
      <Filter>addons\ofxTrueTypeFontUC\src\freetype2\freetype\internal</Filter>
    </ClInclude>
    <ClInclude Include="..\..\..\addons\ofxTrueTypeFontUC\src\freetype2\freetype\internal\psaux.h">
      <Filter>addons\ofxTrueTypeFontUC\src\freetype2\freetype\internal</Filter>
    </ClInclude>
    <ClInclude Include="..\..\..\addons\ofxTrueTypeFontUC\src\freetype2\freetype\internal\pshints.h">
      <Filter>addons\ofxTrueTypeFontUC\src\freetype2\freetype\internal</Filter>
    </ClInclude>
    <ClInclude Include="..\..\..\addons\ofxTrueTypeFontUC\src\freetype2\freetype\internal\services\svbdf.h">
      <Filter>addons\ofxTrueTypeFontUC\src\freetype2\freetype\internal\services</Filter>
    </ClInclude>
    <ClInclude Include="..\..\..\addons\ofxTrueTypeFontUC\src\freetype2\freetype\internal\services\svcid.h">
      <Filter>addons\ofxTrueTypeFontUC\src\freetype2\freetype\internal\services</Filter>
    </ClInclude>
    <ClInclude Include="..\..\..\addons\ofxTrueTypeFontUC\src\freetype2\freetype\internal\services\svfntfmt.h">
      <Filter>addons\ofxTrueTypeFontUC\src\freetype2\freetype\internal\services</Filter>
    </ClInclude>
    <ClInclude Include="..\..\..\addons\ofxTrueTypeFontUC\src\freetype2\freetype\internal\services\svgldict.h">
      <Filter>addons\ofxTrueTypeFontUC\src\freetype2\freetype\internal\services</Filter>
    </ClInclude>
    <ClInclude Include="..\..\..\addons\ofxTrueTypeFontUC\src\freetype2\freetype\internal\services\svgxval.h">
      <Filter>addons\ofxTrueTypeFontUC\src\freetype2\freetype\internal\services</Filter>
    </ClInclude>
    <ClInclude Include="..\..\..\addons\ofxTrueTypeFontUC\src\freetype2\freetype\internal\services\svkern.h">
      <Filter>addons\ofxTrueTypeFontUC\src\freetype2\freetype\internal\services</Filter>
    </ClInclude>
    <ClInclude Include="..\..\..\addons\ofxTrueTypeFontUC\src\freetype2\freetype\internal\services\svmm.h">
      <Filter>addons\ofxTrueTypeFontUC\src\freetype2\freetype\internal\services</Filter>
    </ClInclude>
    <ClInclude Include="..\..\..\addons\ofxTrueTypeFontUC\src\freetype2\freetype\internal\services\svotval.h">
      <Filter>addons\ofxTrueTypeFontUC\src\freetype2\freetype\internal\services</Filter>
    </ClInclude>
    <ClInclude Include="..\..\..\addons\ofxTrueTypeFontUC\src\freetype2\freetype\internal\services\svpfr.h">
      <Filter>addons\ofxTrueTypeFontUC\src\freetype2\freetype\internal\services</Filter>
    </ClInclude>
    <ClInclude Include="..\..\..\addons\ofxTrueTypeFontUC\src\freetype2\freetype\internal\services\svpostnm.h">
      <Filter>addons\ofxTrueTypeFontUC\src\freetype2\freetype\internal\services</Filter>
    </ClInclude>
    <ClInclude Include="..\..\..\addons\ofxTrueTypeFontUC\src\freetype2\freetype\internal\services\svprop.h">
      <Filter>addons\ofxTrueTypeFontUC\src\freetype2\freetype\internal\services</Filter>
    </ClInclude>
    <ClInclude Include="..\..\..\addons\ofxTrueTypeFontUC\src\freetype2\freetype\internal\services\svpscmap.h">
      <Filter>addons\ofxTrueTypeFontUC\src\freetype2\freetype\internal\services</Filter>
    </ClInclude>
    <ClInclude Include="..\..\..\addons\ofxTrueTypeFontUC\src\freetype2\freetype\internal\services\svpsinfo.h">
      <Filter>addons\ofxTrueTypeFontUC\src\freetype2\freetype\internal\services</Filter>
    </ClInclude>
    <ClInclude Include="..\..\..\addons\ofxTrueTypeFontUC\src\freetype2\freetype\internal\services\svsfnt.h">
      <Filter>addons\ofxTrueTypeFontUC\src\freetype2\freetype\internal\services</Filter>
    </ClInclude>
    <ClInclude Include="..\..\..\addons\ofxTrueTypeFontUC\src\freetype2\freetype\internal\services\svttcmap.h">
      <Filter>addons\ofxTrueTypeFontUC\src\freetype2\freetype\internal\services</Filter>
    </ClInclude>
    <ClInclude Include="..\..\..\addons\ofxTrueTypeFontUC\src\freetype2\freetype\internal\services\svtteng.h">
      <Filter>addons\ofxTrueTypeFontUC\src\freetype2\freetype\internal\services</Filter>
    </ClInclude>
    <ClInclude Include="..\..\..\addons\ofxTrueTypeFontUC\src\freetype2\freetype\internal\services\svttglyf.h">
      <Filter>addons\ofxTrueTypeFontUC\src\freetype2\freetype\internal\services</Filter>
    </ClInclude>
    <ClInclude Include="..\..\..\addons\ofxTrueTypeFontUC\src\freetype2\freetype\internal\services\svwinfnt.h">
      <Filter>addons\ofxTrueTypeFontUC\src\freetype2\freetype\internal\services</Filter>
    </ClInclude>
    <ClInclude Include="..\..\..\addons\ofxTrueTypeFontUC\src\freetype2\freetype\internal\sfnt.h">
      <Filter>addons\ofxTrueTypeFontUC\src\freetype2\freetype\internal</Filter>
    </ClInclude>
    <ClInclude Include="..\..\..\addons\ofxTrueTypeFontUC\src\freetype2\freetype\internal\t1types.h">
      <Filter>addons\ofxTrueTypeFontUC\src\freetype2\freetype\internal</Filter>
    </ClInclude>
    <ClInclude Include="..\..\..\addons\ofxTrueTypeFontUC\src\freetype2\freetype\internal\tttypes.h">
      <Filter>addons\ofxTrueTypeFontUC\src\freetype2\freetype\internal</Filter>
    </ClInclude>
    <ClInclude Include="..\..\..\addons\ofxTrueTypeFontUC\src\freetype2\freetype\t1tables.h">
      <Filter>addons\ofxTrueTypeFontUC\src\freetype2\freetype</Filter>
    </ClInclude>
    <ClInclude Include="..\..\..\addons\ofxTrueTypeFontUC\src\freetype2\freetype\ttnameid.h">
      <Filter>addons\ofxTrueTypeFontUC\src\freetype2\freetype</Filter>
    </ClInclude>
    <ClInclude Include="..\..\..\addons\ofxTrueTypeFontUC\src\freetype2\freetype\tttables.h">
      <Filter>addons\ofxTrueTypeFontUC\src\freetype2\freetype</Filter>
    </ClInclude>
    <ClInclude Include="..\..\..\addons\ofxTrueTypeFontUC\src\freetype2\freetype\tttags.h">
      <Filter>addons\ofxTrueTypeFontUC\src\freetype2\freetype</Filter>
    </ClInclude>
    <ClInclude Include="..\..\..\addons\ofxTrueTypeFontUC\src\freetype2\freetype\ttunpat.h">
      <Filter>addons\ofxTrueTypeFontUC\src\freetype2\freetype</Filter>
    </ClInclude>
    <ClInclude Include="..\..\..\addons\ofxTrueTypeFontUC\src\freetype2\ft2build.h">
      <Filter>addons\ofxTrueTypeFontUC\src\freetype2</Filter>
    </ClInclude>
    <ClInclude Include="..\..\..\addons\ofxTrueTypeFontUC\src\ofxTrueTypeFontUC.h">
      <Filter>addons\ofxTrueTypeFontUC\src</Filter>
    </ClInclude>
    <ClInclude Include="..\..\..\addons\ofxTweener\src\ofxTransitions.h">
      <Filter>addons\ofxTweener\src</Filter>
    </ClInclude>
    <ClInclude Include="..\..\..\addons\ofxTweener\src\ofxTweener.h">
      <Filter>addons\ofxTweener\src</Filter>
    </ClInclude>
    <ClInclude Include="..\..\..\addons\ofxXmlSettings\src\ofxXmlSettings.h">
      <Filter>addons\ofxXmlSettings\src</Filter>
    </ClInclude>
    <ClInclude Include="..\..\..\addons\ofxXmlSettings\libs\tinyxml.h">
      <Filter>addons\ofxXmlSettings\libs</Filter>
    </ClInclude>
    <ClInclude Include="src\eye.h">
      <Filter>src</Filter>
    </ClInclude>
    <ClInclude Include="src\CameraWrapper.h">
      <Filter>src</Filter>
    </ClInclude>
  </ItemGroup>
  <ItemGroup>
    <ResourceCompile Include="icon.rc" />
  </ItemGroup>
</Project>